
Microsoft Visual Studio Solution File, Format Version 12.00
# Visual Studio Version 17
VisualStudioVersion = 17.1.31903.286
MinimumVisualStudioVersion = 10.0.40219.1
Project("{9A19103F-16F7-4668-BE54-9A1E7A4F7556}") = "AlibabaTalk.Observability.Consumer", "src\AlibabaTalk.Observability.Consumer\AlibabaTalk.Observability.Consumer.csproj", "{E1ED2EC3-B590-4B0D-9AEC-319F0A48612F}"
EndProject
Project("{9A19103F-16F7-4668-BE54-9A1E7A4F7556}") = "AlibabaTalk.Observability.Data", "src\AlibabaTalk.Observability.Data\AlibabaTalk.Observability.Data.csproj", "{8186EB89-899F-4039-9448-E1DF42758558}"
EndProject
Project("{9A19103F-16F7-4668-BE54-9A1E7A4F7556}") = "AlibabaTalk.Observability.Api", "src\AlibabaTalk.Observability.Api\AlibabaTalk.Observability.Api.csproj", "{25FC52EA-6D6E-424D-862E-2370FAB9E18C}"
EndProject
Global
	GlobalSection(SolutionConfigurationPlatforms) = preSolution
		Debug|Any CPU = Debug|Any CPU
		Release|Any CPU = Release|Any CPU
	EndGlobalSection
	GlobalSection(ProjectConfigurationPlatforms) = postSolution
		{E1ED2EC3-B590-4B0D-9AEC-319F0A48612F}.Debug|Any CPU.ActiveCfg = Debug|Any CPU
		{E1ED2EC3-B590-4B0D-9AEC-319F0A48612F}.Debug|Any CPU.Build.0 = Debug|Any CPU
		{E1ED2EC3-B590-4B0D-9AEC-319F0A48612F}.Release|Any CPU.ActiveCfg = Release|Any CPU
		{E1ED2EC3-B590-4B0D-9AEC-319F0A48612F}.Release|Any CPU.Build.0 = Release|Any CPU
		{8186EB89-899F-4039-9448-E1DF42758558}.Debug|Any CPU.ActiveCfg = Debug|Any CPU
		{8186EB89-899F-4039-9448-E1DF42758558}.Debug|Any CPU.Build.0 = Debug|Any CPU
		{8186EB89-899F-4039-9448-E1DF42758558}.Release|Any CPU.ActiveCfg = Release|Any CPU
		{8186EB89-899F-4039-9448-E1DF42758558}.Release|Any CPU.Build.0 = Release|Any CPU
		{25FC52EA-6D6E-424D-862E-2370FAB9E18C}.Debug|Any CPU.ActiveCfg = Debug|Any CPU
		{25FC52EA-6D6E-424D-862E-2370FAB9E18C}.Debug|Any CPU.Build.0 = Debug|Any CPU
		{25FC52EA-6D6E-424D-862E-2370FAB9E18C}.Release|Any CPU.ActiveCfg = Release|Any CPU
		{25FC52EA-6D6E-424D-862E-2370FAB9E18C}.Release|Any CPU.Build.0 = Release|Any CPU
	EndGlobalSection
	GlobalSection(SolutionProperties) = preSolution
		HideSolutionNode = FALSE
	EndGlobalSection
	GlobalSection(ExtensibilityGlobals) = postSolution
		SolutionGuid = {32F1DFE5-525A-409E-9392-56DE38CCEA11}
	EndGlobalSection
EndGlobal
